
Microsoft Visual Studio Solution File, Format Version 12.00
# Visual Studio Version 17
VisualStudioVersion = 17.7.34221.43
MinimumVisualStudioVersion = 10.0.40219.1
Project("{FAE04EC0-301F-11D3-BF4B-00C04F79EFBC}") = "Sales.Shared", "Sales.Shared\Sales.Shared.csproj", "{C86CEAF1-D457-4FE2-8D1C-5CC9559797D5}"
EndProject
Project("{FAE04EC0-301F-11D3-BF4B-00C04F79EFBC}") = "Sales.API", "Sales.API\Sales.API.csproj", "{10818E12-CA91-4700-BB7F-52E0B3576F16}"
EndProject
Project("{FAE04EC0-301F-11D3-BF4B-00C04F79EFBC}") = "Blazor.WEB", "Blazor.WEB\Blazor.WEB.csproj", "{B12B1325-82B2-4CA8-AAA4-6F1FD5AB08E9}"
EndProject
Project("{FAE04EC0-301F-11D3-BF4B-00C04F79EFBC}") = "Sales.Mobile", "Sales.Mobile\Sales.Mobile.csproj", "{E2F264BA-82F6-4769-9E9D-040A1D18ECC9}"
EndProject
Global
	GlobalSection(SolutionConfigurationPlatforms) = preSolution
		Debug|Any CPU = Debug|Any CPU
		Release|Any CPU = Release|Any CPU
	EndGlobalSection
	GlobalSection(ProjectConfigurationPlatforms) = postSolution
		{C86CEAF1-D457-4FE2-8D1C-5CC9559797D5}.Debug|Any CPU.ActiveCfg = Debug|Any CPU
		{C86CEAF1-D457-4FE2-8D1C-5CC9559797D5}.Debug|Any CPU.Build.0 = Debug|Any CPU
		{C86CEAF1-D457-4FE2-8D1C-5CC9559797D5}.Release|Any CPU.ActiveCfg = Release|Any CPU
		{C86CEAF1-D457-4FE2-8D1C-5CC9559797D5}.Release|Any CPU.Build.0 = Release|Any CPU
		{10818E12-CA91-4700-BB7F-52E0B3576F16}.Debug|Any CPU.ActiveCfg = Debug|Any CPU
		{10818E12-CA91-4700-BB7F-52E0B3576F16}.Debug|Any CPU.Build.0 = Debug|Any CPU
		{10818E12-CA91-4700-BB7F-52E0B3576F16}.Release|Any CPU.ActiveCfg = Release|Any CPU
		{10818E12-CA91-4700-BB7F-52E0B3576F16}.Release|Any CPU.Build.0 = Release|Any CPU
		{B12B1325-82B2-4CA8-AAA4-6F1FD5AB08E9}.Debug|Any CPU.ActiveCfg = Debug|Any CPU
		{B12B1325-82B2-4CA8-AAA4-6F1FD5AB08E9}.Debug|Any CPU.Build.0 = Debug|Any CPU
		{B12B1325-82B2-4CA8-AAA4-6F1FD5AB08E9}.Release|Any CPU.ActiveCfg = Release|Any CPU
		{B12B1325-82B2-4CA8-AAA4-6F1FD5AB08E9}.Release|Any CPU.Build.0 = Release|Any CPU
		{E2F264BA-82F6-4769-9E9D-040A1D18ECC9}.Debug|Any CPU.ActiveCfg = Debug|Any CPU
		{E2F264BA-82F6-4769-9E9D-040A1D18ECC9}.Debug|Any CPU.Build.0 = Debug|Any CPU
		{E2F264BA-82F6-4769-9E9D-040A1D18ECC9}.Debug|Any CPU.Deploy.0 = Debug|Any CPU
		{E2F264BA-82F6-4769-9E9D-040A1D18ECC9}.Release|Any CPU.ActiveCfg = Release|Any CPU
		{E2F264BA-82F6-4769-9E9D-040A1D18ECC9}.Release|Any CPU.Build.0 = Release|Any CPU
		{E2F264BA-82F6-4769-9E9D-040A1D18ECC9}.Release|Any CPU.Deploy.0 = Release|Any CPU
	EndGlobalSection
	GlobalSection(SolutionProperties) = preSolution
		HideSolutionNode = FALSE
	EndGlobalSection
	GlobalSection(ExtensibilityGlobals) = postSolution
		SolutionGuid = {93F67F84-BD0C-4558-A301-0A6040CBEA59}
	EndGlobalSection
EndGlobal
